
Microsoft Visual Studio Solution File, Format Version 12.00
# Visual Studio 14
VisualStudioVersion = 14.0.24720.0
MinimumVisualStudioVersion = 10.0.40219.1
Project("{FAE04EC0-301F-11D3-BF4B-00C04F79EFBC}") = "BrokenKeyboard", "BrokenKeyboard\BrokenKeyboard.csproj", "{C2E133EE-AD6E-4905-8383-34269DD389B1}"
EndProject
Project("{FAE04EC0-301F-11D3-BF4B-00C04F79EFBC}") = "BrokenKeyboardTests", "BrokenKeyboardTests\BrokenKeyboardTests.csproj", "{7F49F8BA-610F-47A6-B683-E7DBAC146DD6}"
EndProject
Project("{FAE04EC0-301F-11D3-BF4B-00C04F79EFBC}") = "BrokenKeyboardCommandLine", "BrokenKeyboardCommandLine\BrokenKeyboardCommandLine.csproj", "{30449406-59A7-4816-B45E-A2DFDD374294}"
EndProject
Global
	GlobalSection(SolutionConfigurationPlatforms) = preSolution
		Debug|Any CPU = Debug|Any CPU
		Release|Any CPU = Release|Any CPU
	EndGlobalSection
	GlobalSection(ProjectConfigurationPlatforms) = postSolution
		{C2E133EE-AD6E-4905-8383-34269DD389B1}.Debug|Any CPU.ActiveCfg = Debug|Any CPU
		{C2E133EE-AD6E-4905-8383-34269DD389B1}.Debug|Any CPU.Build.0 = Debug|Any CPU
		{C2E133EE-AD6E-4905-8383-34269DD389B1}.Release|Any CPU.ActiveCfg = Release|Any CPU
		{C2E133EE-AD6E-4905-8383-34269DD389B1}.Release|Any CPU.Build.0 = Release|Any CPU
		{7F49F8BA-610F-47A6-B683-E7DBAC146DD6}.Debug|Any CPU.ActiveCfg = Debug|Any CPU
		{7F49F8BA-610F-47A6-B683-E7DBAC146DD6}.Debug|Any CPU.Build.0 = Debug|Any CPU
		{7F49F8BA-610F-47A6-B683-E7DBAC146DD6}.Release|Any CPU.ActiveCfg = Release|Any CPU
		{7F49F8BA-610F-47A6-B683-E7DBAC146DD6}.Release|Any CPU.Build.0 = Release|Any CPU
		{30449406-59A7-4816-B45E-A2DFDD374294}.Debug|Any CPU.ActiveCfg = Debug|Any CPU
		{30449406-59A7-4816-B45E-A2DFDD374294}.Debug|Any CPU.Build.0 = Debug|Any CPU
		{30449406-59A7-4816-B45E-A2DFDD374294}.Release|Any CPU.ActiveCfg = Release|Any CPU
		{30449406-59A7-4816-B45E-A2DFDD374294}.Release|Any CPU.Build.0 = Release|Any CPU
	EndGlobalSection
	GlobalSection(SolutionProperties) = preSolution
		HideSolutionNode = FALSE
	EndGlobalSection
EndGlobal
